// !$*UTF8*$!
{
	archiveVersion = 1;
	classes = {
	};
	objectVersion = 46;
	objects = {

/* Begin PBXBuildFile section */
		B6331C06173B135D0062C477 /* UIKit.framework in Frameworks */ = {isa = PBXBuildFile; fileRef = B6331C05173B135D0062C477 /* UIKit.framework */; };
		B6331C08173B135D0062C477 /* Foundation.framework in Frameworks */ = {isa = PBXBuildFile; fileRef = B6331C07173B135D0062C477 /* Foundation.framework */; };
		B6331C0A173B135D0062C477 /* CoreGraphics.framework in Frameworks */ = {isa = PBXBuildFile; fileRef = B6331C09173B135D0062C477 /* CoreGraphics.framework */; };
		B6331C10173B135D0062C477 /* InfoPlist.strings in Resources */ = {isa = PBXBuildFile; fileRef = B6331C0E173B135D0062C477 /* InfoPlist.strings */; };
		B6331C12173B135D0062C477 /* main.m in Sources */ = {isa = PBXBuildFile; fileRef = B6331C11173B135D0062C477 /* main.m */; };
		B6331C16173B135D0062C477 /* WIMAppDelegate.m in Sources */ = {isa = PBXBuildFile; fileRef = B6331C15173B135D0062C477 /* WIMAppDelegate.m */; };
		B6331C18173B135E0062C477 /* Default.png in Resources */ = {isa = PBXBuildFile; fileRef = B6331C17173B135D0062C477 /* Default.png */; };
		B6331C1A173B135E0062C477 /* Default@2x.png in Resources */ = {isa = PBXBuildFile; fileRef = B6331C19173B135E0062C477 /* Default@2x.png */; };
		B6331C1C173B135E0062C477 /* Default-568h@2x.png in Resources */ = {isa = PBXBuildFile; fileRef = B6331C1B173B135E0062C477 /* Default-568h@2x.png */; };
		B6331C1F173B135E0062C477 /* WIMViewController.m in Sources */ = {isa = PBXBuildFile; fileRef = B6331C1E173B135E0062C477 /* WIMViewController.m */; };
		B69995D1173C8B9800A40561 /* SocketIO.m in Sources */ = {isa = PBXBuildFile; fileRef = B69995C7173C8B8E00A40561 /* SocketIO.m */; };
		B69995D2173C8B9800A40561 /* SocketIOJSONSerialization.m in Sources */ = {isa = PBXBuildFile; fileRef = B69995C9173C8B8E00A40561 /* SocketIOJSONSerialization.m */; };
		B69995D3173C8B9800A40561 /* SocketIOPacket.m in Sources */ = {isa = PBXBuildFile; fileRef = B69995CB173C8B8E00A40561 /* SocketIOPacket.m */; settings = {COMPILER_FLAGS = "-Wno-sign-conversion"; }; };
		B69995D4173C8B9800A40561 /* SocketIOTransportWebsocket.m in Sources */ = {isa = PBXBuildFile; fileRef = B69995CE173C8B8E00A40561 /* SocketIOTransportWebsocket.m */; };
		B69995D5173C8B9800A40561 /* SocketIOTransportXHR.m in Sources */ = {isa = PBXBuildFile; fileRef = B69995D0173C8B8E00A40561 /* SocketIOTransportXHR.m */; settings = {COMPILER_FLAGS = "-Wno-shadow"; }; };
		B6C37740173B5E68009A2BEA /* Security.framework in Frameworks */ = {isa = PBXBuildFile; fileRef = B6C3773F173B5E68009A2BEA /* Security.framework */; };
		B6C37742173B5E71009A2BEA /* CFNetwork.framework in Frameworks */ = {isa = PBXBuildFile; fileRef = B6C37741173B5E71009A2BEA /* CFNetwork.framework */; };
		B6C37744173B5E88009A2BEA /* libicucore.dylib in Frameworks */ = {isa = PBXBuildFile; fileRef = B6C37743173B5E88009A2BEA /* libicucore.dylib */; };
		B6C3774A173B6645009A2BEA /* Icon.png in Resources */ = {isa = PBXBuildFile; fileRef = B6C37749173B6645009A2BEA /* Icon.png */; };
		B6C3774C173B6663009A2BEA /* Icon@2x.png in Resources */ = {isa = PBXBuildFile; fileRef = B6C3774B173B6663009A2BEA /* Icon@2x.png */; };
/* End PBXBuildFile section */

/* Begin PBXFileReference section */
		B6331C02173B135D0062C477 /* WebSocketIM.app */ = {isa = PBXFileReference; explicitFileType = wrapper.application; includeInIndex = 0; path = WebSocketIM.app; sourceTree = BUILT_PRODUCTS_DIR; };
		B6331C05173B135D0062C477 /* UIKit.framework */ = {isa = PBXFileReference; lastKnownFileType = wrapper.framework; name = UIKit.framework; path = System/Library/Frameworks/UIKit.framework; sourceTree = SDKROOT; };
		B6331C07173B135D0062C477 /* Foundation.framework */ = {isa = PBXFileReference; lastKnownFileType = wrapper.framework; name = Foundation.framework; path = System/Library/Frameworks/Foundation.framework; sourceTree = SDKROOT; };
		B6331C09173B135D0062C477 /* CoreGraphics.framework */ = {isa = PBXFileReference; lastKnownFileType = wrapper.framework; name = CoreGraphics.framework; path = System/Library/Frameworks/CoreGraphics.framework; sourceTree = SDKROOT; };
		B6331C0D173B135D0062C477 /* WebSocketIM-Info.plist */ = {isa = PBXFileReference; lastKnownFileType = text.plist.xml; path = "WebSocketIM-Info.plist"; sourceTree = "<group>"; };
		B6331C0F173B135D0062C477 /* en */ = {isa = PBXFileReference; lastKnownFileType = text.plist.strings; name = en; path = en.lproj/InfoPlist.strings; sourceTree = "<group>"; };
		B6331C11173B135D0062C477 /* main.m */ = {isa = PBXFileReference; lastKnownFileType = sourcecode.c.objc; path = main.m; sourceTree = "<group>"; };
		B6331C13173B135D0062C477 /* WebSocketIM-Prefix.pch */ = {isa = PBXFileReference; lastKnownFileType = sourcecode.c.h; path = "WebSocketIM-Prefix.pch"; sourceTree = "<group>"; };
		B6331C14173B135D0062C477 /* WIMAppDelegate.h */ = {isa = PBXFileReference; lastKnownFileType = sourcecode.c.h; path = WIMAppDelegate.h; sourceTree = "<group>"; };
		B6331C15173B135D0062C477 /* WIMAppDelegate.m */ = {isa = PBXFileReference; lastKnownFileType = sourcecode.c.objc; path = WIMAppDelegate.m; sourceTree = "<group>"; };
		B6331C17173B135D0062C477 /* Default.png */ = {isa = PBXFileReference; lastKnownFileType = image.png; path = Default.png; sourceTree = "<group>"; };
		B6331C19173B135E0062C477 /* Default@2x.png */ = {isa = PBXFileReference; lastKnownFileType = image.png; path = "Default@2x.png"; sourceTree = "<group>"; };
		B6331C1B173B135E0062C477 /* Default-568h@2x.png */ = {isa = PBXFileReference; lastKnownFileType = image.png; path = "Default-568h@2x.png"; sourceTree = "<group>"; };
		B6331C1D173B135E0062C477 /* WIMViewController.h */ = {isa = PBXFileReference; lastKnownFileType = sourcecode.c.h; path = WIMViewController.h; sourceTree = "<group>"; };
		B6331C1E173B135E0062C477 /* WIMViewController.m */ = {isa = PBXFileReference; lastKnownFileType = sourcecode.c.objc; path = WIMViewController.m; sourceTree = "<group>"; };
		B6331C2A173B38200062C477 /* common.xcconfig */ = {isa = PBXFileReference; lastKnownFileType = text.xcconfig; path = common.xcconfig; sourceTree = "<group>"; };
		B6331C2B173B39F90062C477 /* release.xcconfig */ = {isa = PBXFileReference; lastKnownFileType = text.xcconfig; path = release.xcconfig; sourceTree = "<group>"; };
		B6331C2C173B3A330062C477 /* debug.xcconfig */ = {isa = PBXFileReference; lastKnownFileType = text.xcconfig; path = debug.xcconfig; sourceTree = "<group>"; };
		B69995C6173C8B8E00A40561 /* SocketIO.h */ = {isa = PBXFileReference; lastKnownFileType = sourcecode.c.h; name = SocketIO.h; path = "libs/socket.io-objc/SocketIO.h"; sourceTree = SOURCE_ROOT; };
		B69995C7173C8B8E00A40561 /* SocketIO.m */ = {isa = PBXFileReference; lastKnownFileType = sourcecode.c.objc; name = SocketIO.m; path = "libs/socket.io-objc/SocketIO.m"; sourceTree = SOURCE_ROOT; };
		B69995C8173C8B8E00A40561 /* SocketIOJSONSerialization.h */ = {isa = PBXFileReference; lastKnownFileType = sourcecode.c.h; name = SocketIOJSONSerialization.h; path = "libs/socket.io-objc/SocketIOJSONSerialization.h"; sourceTree = SOURCE_ROOT; };
		B69995C9173C8B8E00A40561 /* SocketIOJSONSerialization.m */ = {isa = PBXFileReference; lastKnownFileType = sourcecode.c.objc; name = SocketIOJSONSerialization.m; path = "libs/socket.io-objc/SocketIOJSONSerialization.m"; sourceTree = SOURCE_ROOT; };
		B69995CA173C8B8E00A40561 /* SocketIOPacket.h */ = {isa = PBXFileReference; lastKnownFileType = sourcecode.c.h; name = SocketIOPacket.h; path = "libs/socket.io-objc/SocketIOPacket.h"; sourceTree = SOURCE_ROOT; };
		B69995CB173C8B8E00A40561 /* SocketIOPacket.m */ = {isa = PBXFileReference; lastKnownFileType = sourcecode.c.objc; name = SocketIOPacket.m; path = "libs/socket.io-objc/SocketIOPacket.m"; sourceTree = SOURCE_ROOT; };
		B69995CC173C8B8E00A40561 /* SocketIOTransport.h */ = {isa = PBXFileReference; lastKnownFileType = sourcecode.c.h; name = SocketIOTransport.h; path = "libs/socket.io-objc/SocketIOTransport.h"; sourceTree = SOURCE_ROOT; };
		B69995CD173C8B8E00A40561 /* SocketIOTransportWebsocket.h */ = {isa = PBXFileReference; lastKnownFileType = sourcecode.c.h; name = SocketIOTransportWebsocket.h; path = "libs/socket.io-objc/SocketIOTransportWebsocket.h"; sourceTree = SOURCE_ROOT; };
		B69995CE173C8B8E00A40561 /* SocketIOTransportWebsocket.m */ = {isa = PBXFileReference; lastKnownFileType = sourcecode.c.objc; name = SocketIOTransportWebsocket.m; path = "libs/socket.io-objc/SocketIOTransportWebsocket.m"; sourceTree = SOURCE_ROOT; };
		B69995CF173C8B8E00A40561 /* SocketIOTransportXHR.h */ = {isa = PBXFileReference; lastKnownFileType = sourcecode.c.h; name = SocketIOTransportXHR.h; path = "libs/socket.io-objc/SocketIOTransportXHR.h"; sourceTree = SOURCE_ROOT; };
		B69995D0173C8B8E00A40561 /* SocketIOTransportXHR.m */ = {isa = PBXFileReference; lastKnownFileType = sourcecode.c.objc; name = SocketIOTransportXHR.m; path = "libs/socket.io-objc/SocketIOTransportXHR.m"; sourceTree = SOURCE_ROOT; };
		B6C3773F173B5E68009A2BEA /* Security.framework */ = {isa = PBXFileReference; lastKnownFileType = wrapper.framework; name = Security.framework; path = System/Library/Frameworks/Security.framework; sourceTree = SDKROOT; };
		B6C37741173B5E71009A2BEA /* CFNetwork.framework */ = {isa = PBXFileReference; lastKnownFileType = wrapper.framework; name = CFNetwork.framework; path = System/Library/Frameworks/CFNetwork.framework; sourceTree = SDKROOT; };
		B6C37743173B5E88009A2BEA /* libicucore.dylib */ = {isa = PBXFileReference; lastKnownFileType = "compiled.mach-o.dylib"; name = libicucore.dylib; path = usr/lib/libicucore.dylib; sourceTree = SDKROOT; };
		B6C37749173B6645009A2BEA /* Icon.png */ = {isa = PBXFileReference; lastKnownFileType = image.png; path = Icon.png; sourceTree = "<group>"; };
		B6C3774B173B6663009A2BEA /* Icon@2x.png */ = {isa = PBXFileReference; lastKnownFileType = image.png; path = "Icon@2x.png"; sourceTree = "<group>"; };
/* End PBXFileReference section */

/* Begin PBXFrameworksBuildPhase section */
		B6331BFF173B135D0062C477 /* Frameworks */ = {
			isa = PBXFrameworksBuildPhase;
			buildActionMask = 2147483647;
			files = (
				B6C37744173B5E88009A2BEA /* libicucore.dylib in Frameworks */,
				B6C37742173B5E71009A2BEA /* CFNetwork.framework in Frameworks */,
				B6C37740173B5E68009A2BEA /* Security.framework in Frameworks */,
				B6331C06173B135D0062C477 /* UIKit.framework in Frameworks */,
				B6331C08173B135D0062C477 /* Foundation.framework in Frameworks */,
				B6331C0A173B135D0062C477 /* CoreGraphics.framework in Frameworks */,
			);
			runOnlyForDeploymentPostprocessing = 0;
		};
/* End PBXFrameworksBuildPhase section */

/* Begin PBXGroup section */
		B6331BF9173B135D0062C477 = {
			isa = PBXGroup;
			children = (
				B6331C0B173B135D0062C477 /* WebSocketIM */,
				B6331C04173B135D0062C477 /* Frameworks */,
				B6331C03173B135D0062C477 /* Products */,
			);
			sourceTree = "<group>";
		};
		B6331C03173B135D0062C477 /* Products */ = {
			isa = PBXGroup;
			children = (
				B6331C02173B135D0062C477 /* WebSocketIM.app */,
			);
			name = Products;
			sourceTree = "<group>";
		};
		B6331C04173B135D0062C477 /* Frameworks */ = {
			isa = PBXGroup;
			children = (
				B6C37743173B5E88009A2BEA /* libicucore.dylib */,
				B6C37741173B5E71009A2BEA /* CFNetwork.framework */,
				B6C3773F173B5E68009A2BEA /* Security.framework */,
				B6331C05173B135D0062C477 /* UIKit.framework */,
				B6331C07173B135D0062C477 /* Foundation.framework */,
				B6331C09173B135D0062C477 /* CoreGraphics.framework */,
			);
			name = Frameworks;
			sourceTree = "<group>";
		};
		B6331C0B173B135D0062C477 /* WebSocketIM */ = {
			isa = PBXGroup;
			children = (
				B69995C5173C8B6300A40561 /* socket.io-objc */,
				B6331C14173B135D0062C477 /* WIMAppDelegate.h */,
				B6331C15173B135D0062C477 /* WIMAppDelegate.m */,
				B6331C1D173B135E0062C477 /* WIMViewController.h */,
				B6331C1E173B135E0062C477 /* WIMViewController.m */,
				B6331C0C173B135D0062C477 /* Supporting Files */,
			);
			path = WebSocketIM;
			sourceTree = "<group>";
		};
		B6331C0C173B135D0062C477 /* Supporting Files */ = {
			isa = PBXGroup;
			children = (
				B6331C0D173B135D0062C477 /* WebSocketIM-Info.plist */,
				B6331C0E173B135D0062C477 /* InfoPlist.strings */,
				B6331C11173B135D0062C477 /* main.m */,
				B6331C13173B135D0062C477 /* WebSocketIM-Prefix.pch */,
				B6331C17173B135D0062C477 /* Default.png */,
				B6331C19173B135E0062C477 /* Default@2x.png */,
				B6331C1B173B135E0062C477 /* Default-568h@2x.png */,
				B6C3774B173B6663009A2BEA /* Icon@2x.png */,
				B6C37749173B6645009A2BEA /* Icon.png */,
				B6331C2A173B38200062C477 /* common.xcconfig */,
				B6331C2B173B39F90062C477 /* release.xcconfig */,
				B6331C2C173B3A330062C477 /* debug.xcconfig */,
			);
			name = "Supporting Files";
			sourceTree = "<group>";
		};
		B69995C5173C8B6300A40561 /* socket.io-objc */ = {
			isa = PBXGroup;
			children = (
				B69995C6173C8B8E00A40561 /* SocketIO.h */,
				B69995C7173C8B8E00A40561 /* SocketIO.m */,
				B69995C8173C8B8E00A40561 /* SocketIOJSONSerialization.h */,
				B69995C9173C8B8E00A40561 /* SocketIOJSONSerialization.m */,
				B69995CA173C8B8E00A40561 /* SocketIOPacket.h */,
				B69995CB173C8B8E00A40561 /* SocketIOPacket.m */,
				B69995CC173C8B8E00A40561 /* SocketIOTransport.h */,
				B69995CD173C8B8E00A40561 /* SocketIOTransportWebsocket.h */,
				B69995CE173C8B8E00A40561 /* SocketIOTransportWebsocket.m */,
				B69995CF173C8B8E00A40561 /* SocketIOTransportXHR.h */,
				B69995D0173C8B8E00A40561 /* SocketIOTransportXHR.m */,
			);
			name = "socket.io-objc";
			sourceTree = "<group>";
		};
/* End PBXGroup section */

/* Begin PBXNativeTarget section */
		B6331C01173B135D0062C477 /* WebSocketIM */ = {
			isa = PBXNativeTarget;
			buildConfigurationList = B6331C25173B135E0062C477 /* Build configuration list for PBXNativeTarget "WebSocketIM" */;
			buildPhases = (
				B6331BFE173B135D0062C477 /* Sources */,
				B6331BFF173B135D0062C477 /* Frameworks */,
				B6331C00173B135D0062C477 /* Resources */,
			);
			buildRules = (
			);
			dependencies = (
			);
			name = WebSocketIM;
			productName = WebSocketIM;
			productReference = B6331C02173B135D0062C477 /* WebSocketIM.app */;
			productType = "com.apple.product-type.application";
		};
/* End PBXNativeTarget section */

/* Begin PBXProject section */
		B6331BFA173B135D0062C477 /* Project object */ = {
			isa = PBXProject;
			attributes = {
				CLASSPREFIX = WIM;
				LastUpgradeCheck = 0460;
				ORGANIZATIONNAME = Dius;
			};
			buildConfigurationList = B6331BFD173B135D0062C477 /* Build configuration list for PBXProject "WebSocketIM" */;
			compatibilityVersion = "Xcode 3.2";
			developmentRegion = English;
			hasScannedForEncodings = 0;
			knownRegions = (
				en,
			);
			mainGroup = B6331BF9173B135D0062C477;
			productRefGroup = B6331C03173B135D0062C477 /* Products */;
			projectDirPath = "";
			projectRoot = "";
			targets = (
				B6331C01173B135D0062C477 /* WebSocketIM */,
			);
		};
/* End PBXProject section */

/* Begin PBXResourcesBuildPhase section */
		B6331C00173B135D0062C477 /* Resources */ = {
			isa = PBXResourcesBuildPhase;
			buildActionMask = 2147483647;
			files = (
				B6331C10173B135D0062C477 /* InfoPlist.strings in Resources */,
				B6331C18173B135E0062C477 /* Default.png in Resources */,
				B6331C1A173B135E0062C477 /* Default@2x.png in Resources */,
				B6331C1C173B135E0062C477 /* Default-568h@2x.png in Resources */,
				B6C3774A173B6645009A2BEA /* Icon.png in Resources */,
				B6C3774C173B6663009A2BEA /* Icon@2x.png in Resources */,
			);
			runOnlyForDeploymentPostprocessing = 0;
		};
/* End PBXResourcesBuildPhase section */

/* Begin PBXSourcesBuildPhase section */
		B6331BFE173B135D0062C477 /* Sources */ = {
			isa = PBXSourcesBuildPhase;
			buildActionMask = 2147483647;
			files = (
				B6331C12173B135D0062C477 /* main.m in Sources */,
				B6331C16173B135D0062C477 /* WIMAppDelegate.m in Sources */,
				B6331C1F173B135E0062C477 /* WIMViewController.m in Sources */,
				B69995D1173C8B9800A40561 /* SocketIO.m in Sources */,
				B69995D2173C8B9800A40561 /* SocketIOJSONSerialization.m in Sources */,
				B69995D3173C8B9800A40561 /* SocketIOPacket.m in Sources */,
				B69995D4173C8B9800A40561 /* SocketIOTransportWebsocket.m in Sources */,
				B69995D5173C8B9800A40561 /* SocketIOTransportXHR.m in Sources */,
			);
			runOnlyForDeploymentPostprocessing = 0;
		};
/* End PBXSourcesBuildPhase section */

/* Begin PBXVariantGroup section */
		B6331C0E173B135D0062C477 /* InfoPlist.strings */ = {
			isa = PBXVariantGroup;
			children = (
				B6331C0F173B135D0062C477 /* en */,
			);
			name = InfoPlist.strings;
			sourceTree = "<group>";
		};
/* End PBXVariantGroup section */

/* Begin XCBuildConfiguration section */
		B6331C23173B135E0062C477 /* Debug */ = {
			isa = XCBuildConfiguration;
			buildSettings = {
				ALWAYS_SEARCH_USER_PATHS = NO;
				CLANG_CXX_LANGUAGE_STANDARD = "gnu++0x";
				CLANG_CXX_LIBRARY = "libc++";
				CLANG_ENABLE_OBJC_ARC = YES;
				CLANG_WARN_CONSTANT_CONVERSION = YES;
				CLANG_WARN_EMPTY_BODY = YES;
				CLANG_WARN_ENUM_CONVERSION = YES;
				CLANG_WARN_INT_CONVERSION = YES;
				CLANG_WARN__DUPLICATE_METHOD_MATCH = YES;
				"CODE_SIGN_IDENTITY[sdk=iphoneos*]" = "iPhone Developer";
				COPY_PHASE_STRIP = NO;
				GCC_C_LANGUAGE_STANDARD = gnu99;
				GCC_DYNAMIC_NO_PIC = NO;
				GCC_OPTIMIZATION_LEVEL = 0;
				GCC_PREPROCESSOR_DEFINITIONS = (
					"DEBUG=1",
					"$(inherited)",
				);
				GCC_SYMBOLS_PRIVATE_EXTERN = NO;
				GCC_WARN_ABOUT_RETURN_TYPE = YES;
				GCC_WARN_UNINITIALIZED_AUTOS = YES;
				GCC_WARN_UNUSED_VARIABLE = YES;
				IPHONEOS_DEPLOYMENT_TARGET = 6.1;
				ONLY_ACTIVE_ARCH = YES;
				SDKROOT = iphoneos;
			};
			name = Debug;
		};
		B6331C24173B135E0062C477 /* Release */ = {
			isa = XCBuildConfiguration;
			buildSettings = {
				ALWAYS_SEARCH_USER_PATHS = NO;
				CLANG_CXX_LANGUAGE_STANDARD = "gnu++0x";
				CLANG_CXX_LIBRARY = "libc++";
				CLANG_ENABLE_OBJC_ARC = YES;
				CLANG_WARN_CONSTANT_CONVERSION = YES;
				CLANG_WARN_EMPTY_BODY = YES;
				CLANG_WARN_ENUM_CONVERSION = YES;
				CLANG_WARN_INT_CONVERSION = YES;
				CLANG_WARN__DUPLICATE_METHOD_MATCH = YES;
				"CODE_SIGN_IDENTITY[sdk=iphoneos*]" = "iPhone Developer";
				COPY_PHASE_STRIP = YES;
				GCC_C_LANGUAGE_STANDARD = gnu99;
				GCC_WARN_ABOUT_RETURN_TYPE = YES;
				GCC_WARN_UNINITIALIZED_AUTOS = YES;
				GCC_WARN_UNUSED_VARIABLE = YES;
				IPHONEOS_DEPLOYMENT_TARGET = 6.1;
				OTHER_CFLAGS = "-DNS_BLOCK_ASSERTIONS=1";
				SDKROOT = iphoneos;
				VALIDATE_PRODUCT = YES;
			};
			name = Release;
		};
		B6331C26173B135E0062C477 /* Debug */ = {
			isa = XCBuildConfiguration;
			baseConfigurationReference = B6331C2C173B3A330062C477 /* debug.xcconfig */;
			buildSettings = {
				GCC_PRECOMPILE_PREFIX_HEADER = YES;
				GCC_PREFIX_HEADER = "WebSocketIM/WebSocketIM-Prefix.pch";
				INFOPLIST_FILE = "WebSocketIM/WebSocketIM-Info.plist";
				IPHONEOS_DEPLOYMENT_TARGET = 6.0;
				LIBRARY_SEARCH_PATHS = "$(inherited)";
				PRODUCT_NAME = "$(TARGET_NAME)";
				WRAPPER_EXTENSION = app;
			};
			name = Debug;
		};
		B6331C27173B135E0062C477 /* Release */ = {
			isa = XCBuildConfiguration;
			baseConfigurationReference = B6331C2B173B39F90062C477 /* release.xcconfig */;
			buildSettings = {
				GCC_PRECOMPILE_PREFIX_HEADER = YES;
				GCC_PREFIX_HEADER = "WebSocketIM/WebSocketIM-Prefix.pch";
				INFOPLIST_FILE = "WebSocketIM/WebSocketIM-Info.plist";
				IPHONEOS_DEPLOYMENT_TARGET = 6.0;
				LIBRARY_SEARCH_PATHS = "$(inherited)";
				PRODUCT_NAME = "$(TARGET_NAME)";
				WRAPPER_EXTENSION = app;
			};
			name = Release;
		};
/* End XCBuildConfiguration section */

/* Begin XCConfigurationList section */
		B6331BFD173B135D0062C477 /* Build configuration list for PBXProject "WebSocketIM" */ = {
			isa = XCConfigurationList;
			buildConfigurations = (
				B6331C23173B135E0062C477 /* Debug */,
				B6331C24173B135E0062C477 /* Release */,
			);
			defaultConfigurationIsVisible = 0;
			defaultConfigurationName = Release;
		};
		B6331C25173B135E0062C477 /* Build configuration list for PBXNativeTarget "WebSocketIM" */ = {
			isa = XCConfigurationList;
			buildConfigurations = (
				B6331C26173B135E0062C477 /* Debug */,
				B6331C27173B135E0062C477 /* Release */,
			);
			defaultConfigurationIsVisible = 0;
			defaultConfigurationName = Release;
		};
/* End XCConfigurationList section */
	};
	rootObject = B6331BFA173B135D0062C477 /* Project object */;
}
